
Microsoft Visual Studio Solution File, Format Version 12.00
# Visual Studio Version 17
VisualStudioVersion = 17.4.33205.214
MinimumVisualStudioVersion = 10.0.40219.1
Project("{FAE04EC0-301F-11D3-BF4B-00C04F79EFBC}") = "report", "report.csproj", "{1AE3813F-2239-42AA-AED6-7D7326729EDF}"
EndProject
Global
	GlobalSection(SolutionConfigurationPlatforms) = preSolution
		Debug|Any CPU = Debug|Any CPU
		Release|Any CPU = Release|Any CPU
	EndGlobalSection
	GlobalSection(ProjectConfigurationPlatforms) = postSolution
		{1AE3813F-2239-42AA-AED6-7D7326729EDF}.Debug|Any CPU.ActiveCfg = Debug|Any CPU
		{1AE3813F-2239-42AA-AED6-7D7326729EDF}.Debug|Any CPU.Build.0 = Debug|Any CPU
		{1AE3813F-2239-42AA-AED6-7D7326729EDF}.Release|Any CPU.ActiveCfg = Release|Any CPU
		{1AE3813F-2239-42AA-AED6-7D7326729EDF}.Release|Any CPU.Build.0 = Release|Any CPU
	EndGlobalSection
	GlobalSection(SolutionProperties) = preSolution
		HideSolutionNode = FALSE
	EndGlobalSection
	GlobalSection(ExtensibilityGlobals) = postSolution
		SolutionGuid = {0E537663-38AD-403B-B084-BE3DB0DA34FE}
	EndGlobalSection
EndGlobal
