
Microsoft Visual Studio Solution File, Format Version 12.00
# Visual Studio Version 17
VisualStudioVersion = 17.5.33516.290
MinimumVisualStudioVersion = 10.0.40219.1
Project("{9A19103F-16F7-4668-BE54-9A1E7A4F7556}") = "My Ap", "My Ap\My Ap.csproj", "{7FEE371C-3746-49EE-8E19-F49301E2B617}"
EndProject
Global
	GlobalSection(SolutionConfigurationPlatforms) = preSolution
		Debug|Any CPU = Debug|Any CPU
		Release|Any CPU = Release|Any CPU
	EndGlobalSection
	GlobalSection(ProjectConfigurationPlatforms) = postSolution
		{7FEE371C-3746-49EE-8E19-F49301E2B617}.Debug|Any CPU.ActiveCfg = Debug|Any CPU
		{7FEE371C-3746-49EE-8E19-F49301E2B617}.Debug|Any CPU.Build.0 = Debug|Any CPU
		{7FEE371C-3746-49EE-8E19-F49301E2B617}.Release|Any CPU.ActiveCfg = Release|Any CPU
		{7FEE371C-3746-49EE-8E19-F49301E2B617}.Release|Any CPU.Build.0 = Release|Any CPU
	EndGlobalSection
	GlobalSection(SolutionProperties) = preSolution
		HideSolutionNode = FALSE
	EndGlobalSection
	GlobalSection(ExtensibilityGlobals) = postSolution
		SolutionGuid = {35E990F4-F7DF-4D16-9284-06F7E87B844B}
	EndGlobalSection
EndGlobal
